// !$*UTF8*$!
{
	archiveVersion = 1;
	classes = {
	};
	objectVersion = 56;
	objects = {

/* Begin PBXBuildFile section */
		6BA4CA352AF12DC9000FA3C3 /* NewReminder.swift in Sources */ = {isa = PBXBuildFile; fileRef = 6BA4CA342AF12DC9000FA3C3 /* NewReminder.swift */; };
		EB83B7C72AEFDF35003DC8A2 /* Tarefa1App.swift in Sources */ = {isa = PBXBuildFile; fileRef = EB83B7C62AEFDF35003DC8A2 /* Tarefa1App.swift */; };
		EB83B7C92AEFDF35003DC8A2 /* ContentView.swift in Sources */ = {isa = PBXBuildFile; fileRef = EB83B7C82AEFDF35003DC8A2 /* ContentView.swift */; };
		EB83B7CB2AEFDF37003DC8A2 /* Assets.xcassets in Resources */ = {isa = PBXBuildFile; fileRef = EB83B7CA2AEFDF37003DC8A2 /* Assets.xcassets */; };
		EB83B7CE2AEFDF37003DC8A2 /* Preview Assets.xcassets in Resources */ = {isa = PBXBuildFile; fileRef = EB83B7CD2AEFDF37003DC8A2 /* Preview Assets.xcassets */; };
		EB83B7D52AEFE3C9003DC8A2 /* TabView.swift in Sources */ = {isa = PBXBuildFile; fileRef = EB83B7D42AEFE3C9003DC8A2 /* TabView.swift */; };
		EB83B7D72AEFE9E6003DC8A2 /* Hoje.swift in Sources */ = {isa = PBXBuildFile; fileRef = EB83B7D62AEFE9E6003DC8A2 /* Hoje.swift */; };
		EB83B7DB2AEFF1CB003DC8A2 /* Icon.swift in Sources */ = {isa = PBXBuildFile; fileRef = EB83B7DA2AEFF1CB003DC8A2 /* Icon.swift */; };
		EB83B7DD2AEFF653003DC8A2 /* TelaDeLembretes.swift in Sources */ = {isa = PBXBuildFile; fileRef = EB83B7DC2AEFF653003DC8A2 /* TelaDeLembretes.swift */; };
		EB83B7DF2AEFF919003DC8A2 /* Button1.swift in Sources */ = {isa = PBXBuildFile; fileRef = EB83B7DE2AEFF919003DC8A2 /* Button1.swift */; };
		F45488EC2AF279E100C1FC17 /* UINavigationBar+Extensions.swift in Sources */ = {isa = PBXBuildFile; fileRef = F45488EB2AF279E100C1FC17 /* UINavigationBar+Extensions.swift */; };
		F45488FA2AF2905E00C1FC17 /* Task.swift in Sources */ = {isa = PBXBuildFile; fileRef = F45488F92AF2905E00C1FC17 /* Task.swift */; };
		F45488FC2AF2906F00C1FC17 /* TaskViewModel.swift in Sources */ = {isa = PBXBuildFile; fileRef = F45488FB2AF2906F00C1FC17 /* TaskViewModel.swift */; };
/* End PBXBuildFile section */

/* Begin PBXFileReference section */
		6BA4CA342AF12DC9000FA3C3 /* NewReminder.swift */ = {isa = PBXFileReference; lastKnownFileType = sourcecode.swift; path = NewReminder.swift; sourceTree = "<group>"; };
		EB83B7C32AEFDF35003DC8A2 /* Tarefa1.app */ = {isa = PBXFileReference; explicitFileType = wrapper.application; includeInIndex = 0; path = Tarefa1.app; sourceTree = BUILT_PRODUCTS_DIR; };
		EB83B7C62AEFDF35003DC8A2 /* Tarefa1App.swift */ = {isa = PBXFileReference; lastKnownFileType = sourcecode.swift; path = Tarefa1App.swift; sourceTree = "<group>"; };
		EB83B7C82AEFDF35003DC8A2 /* ContentView.swift */ = {isa = PBXFileReference; lastKnownFileType = sourcecode.swift; path = ContentView.swift; sourceTree = "<group>"; };
		EB83B7CA2AEFDF37003DC8A2 /* Assets.xcassets */ = {isa = PBXFileReference; lastKnownFileType = folder.assetcatalog; path = Assets.xcassets; sourceTree = "<group>"; };
		EB83B7CD2AEFDF37003DC8A2 /* Preview Assets.xcassets */ = {isa = PBXFileReference; lastKnownFileType = folder.assetcatalog; path = "Preview Assets.xcassets"; sourceTree = "<group>"; };
		EB83B7D42AEFE3C9003DC8A2 /* TabView.swift */ = {isa = PBXFileReference; lastKnownFileType = sourcecode.swift; path = TabView.swift; sourceTree = "<group>"; };
		EB83B7D62AEFE9E6003DC8A2 /* Hoje.swift */ = {isa = PBXFileReference; lastKnownFileType = sourcecode.swift; path = Hoje.swift; sourceTree = "<group>"; };
		EB83B7DA2AEFF1CB003DC8A2 /* Icon.swift */ = {isa = PBXFileReference; lastKnownFileType = sourcecode.swift; path = Icon.swift; sourceTree = "<group>"; };
		EB83B7DC2AEFF653003DC8A2 /* TelaDeLembretes.swift */ = {isa = PBXFileReference; lastKnownFileType = sourcecode.swift; path = TelaDeLembretes.swift; sourceTree = "<group>"; };
		EB83B7DE2AEFF919003DC8A2 /* Button1.swift */ = {isa = PBXFileReference; lastKnownFileType = sourcecode.swift; path = Button1.swift; sourceTree = "<group>"; };
		F45488EB2AF279E100C1FC17 /* UINavigationBar+Extensions.swift */ = {isa = PBXFileReference; lastKnownFileType = sourcecode.swift; path = "UINavigationBar+Extensions.swift"; sourceTree = "<group>"; };
		F45488F92AF2905E00C1FC17 /* Task.swift */ = {isa = PBXFileReference; lastKnownFileType = sourcecode.swift; path = Task.swift; sourceTree = "<group>"; };
		F45488FB2AF2906F00C1FC17 /* TaskViewModel.swift */ = {isa = PBXFileReference; lastKnownFileType = sourcecode.swift; path = TaskViewModel.swift; sourceTree = "<group>"; };
/* End PBXFileReference section */

/* Begin PBXFrameworksBuildPhase section */
		EB83B7C02AEFDF35003DC8A2 /* Frameworks */ = {
			isa = PBXFrameworksBuildPhase;
			buildActionMask = 2147483647;
			files = (
			);
			runOnlyForDeploymentPostprocessing = 0;
		};
/* End PBXFrameworksBuildPhase section */

/* Begin PBXGroup section */
		EB83B7BA2AEFDF35003DC8A2 = {
			isa = PBXGroup;
			children = (
				EB83B7C52AEFDF35003DC8A2 /* Tarefa1 */,
				EB83B7C42AEFDF35003DC8A2 /* Products */,
			);
			sourceTree = "<group>";
		};
		EB83B7C42AEFDF35003DC8A2 /* Products */ = {
			isa = PBXGroup;
			children = (
				EB83B7C32AEFDF35003DC8A2 /* Tarefa1.app */,
			);
			name = Products;
			sourceTree = "<group>";
		};
		EB83B7C52AEFDF35003DC8A2 /* Tarefa1 */ = {
			isa = PBXGroup;
			children = (
				EB83B7D62AEFE9E6003DC8A2 /* Hoje.swift */,
				F45488EB2AF279E100C1FC17 /* UINavigationBar+Extensions.swift */,
				EB83B7D42AEFE3C9003DC8A2 /* TabView.swift */,
				EB83B7C62AEFDF35003DC8A2 /* Tarefa1App.swift */,
				EB83B7C82AEFDF35003DC8A2 /* ContentView.swift */,
				EB83B7DA2AEFF1CB003DC8A2 /* Icon.swift */,
				EB83B7DE2AEFF919003DC8A2 /* Button1.swift */,
				EB83B7DC2AEFF653003DC8A2 /* TelaDeLembretes.swift */,
				6BA4CA342AF12DC9000FA3C3 /* NewReminder.swift */,
				EB83B7CA2AEFDF37003DC8A2 /* Assets.xcassets */,
				F45488F92AF2905E00C1FC17 /* Task.swift */,
				F45488FB2AF2906F00C1FC17 /* TaskViewModel.swift */,
				EB83B7CC2AEFDF37003DC8A2 /* Preview Content */,
			);
			path = Tarefa1;
			sourceTree = "<group>";
		};
		EB83B7CC2AEFDF37003DC8A2 /* Preview Content */ = {
			isa = PBXGroup;
			children = (
				EB83B7CD2AEFDF37003DC8A2 /* Preview Assets.xcassets */,
			);
			path = "Preview Content";
			sourceTree = "<group>";
		};
/* End PBXGroup section */

/* Begin PBXNativeTarget section */
		EB83B7C22AEFDF35003DC8A2 /* Tarefa1 */ = {
			isa = PBXNativeTarget;
			buildConfigurationList = EB83B7D12AEFDF37003DC8A2 /* Build configuration list for PBXNativeTarget "Tarefa1" */;
			buildPhases = (
				EB83B7BF2AEFDF35003DC8A2 /* Sources */,
				EB83B7C02AEFDF35003DC8A2 /* Frameworks */,
				EB83B7C12AEFDF35003DC8A2 /* Resources */,
			);
			buildRules = (
			);
			dependencies = (
			);
			name = Tarefa1;
			productName = Tarefa1;
			productReference = EB83B7C32AEFDF35003DC8A2 /* Tarefa1.app */;
			productType = "com.apple.product-type.application";
		};
/* End PBXNativeTarget section */

/* Begin PBXProject section */
		EB83B7BB2AEFDF35003DC8A2 /* Project object */ = {
			isa = PBXProject;
			attributes = {
				BuildIndependentTargetsInParallel = 1;
				LastSwiftUpdateCheck = 1500;
				LastUpgradeCheck = 1500;
				TargetAttributes = {
					EB83B7C22AEFDF35003DC8A2 = {
						CreatedOnToolsVersion = 15.0;
					};
				};
			};
			buildConfigurationList = EB83B7BE2AEFDF35003DC8A2 /* Build configuration list for PBXProject "Tarefa1" */;
			compatibilityVersion = "Xcode 14.0";
			developmentRegion = en;
			hasScannedForEncodings = 0;
			knownRegions = (
				en,
				Base,
			);
			mainGroup = EB83B7BA2AEFDF35003DC8A2;
			productRefGroup = EB83B7C42AEFDF35003DC8A2 /* Products */;
			projectDirPath = "";
			projectRoot = "";
			targets = (
				EB83B7C22AEFDF35003DC8A2 /* Tarefa1 */,
			);
		};
/* End PBXProject section */

/* Begin PBXResourcesBuildPhase section */
		EB83B7C12AEFDF35003DC8A2 /* Resources */ = {
			isa = PBXResourcesBuildPhase;
			buildActionMask = 2147483647;
			files = (
				EB83B7CE2AEFDF37003DC8A2 /* Preview Assets.xcassets in Resources */,
				EB83B7CB2AEFDF37003DC8A2 /* Assets.xcassets in Resources */,
			);
			runOnlyForDeploymentPostprocessing = 0;
		};
/* End PBXResourcesBuildPhase section */

/* Begin PBXSourcesBuildPhase section */
		EB83B7BF2AEFDF35003DC8A2 /* Sources */ = {
			isa = PBXSourcesBuildPhase;
			buildActionMask = 2147483647;
			files = (
				F45488FC2AF2906F00C1FC17 /* TaskViewModel.swift in Sources */,
				EB83B7DD2AEFF653003DC8A2 /* TelaDeLembretes.swift in Sources */,
				EB83B7DB2AEFF1CB003DC8A2 /* Icon.swift in Sources */,
				F45488FA2AF2905E00C1FC17 /* Task.swift in Sources */,
				EB83B7DF2AEFF919003DC8A2 /* Button1.swift in Sources */,
				EB83B7C92AEFDF35003DC8A2 /* ContentView.swift in Sources */,
				6BA4CA352AF12DC9000FA3C3 /* NewReminder.swift in Sources */,
				F45488EC2AF279E100C1FC17 /* UINavigationBar+Extensions.swift in Sources */,
				EB83B7D52AEFE3C9003DC8A2 /* TabView.swift in Sources */,
				EB83B7C72AEFDF35003DC8A2 /* Tarefa1App.swift in Sources */,
				EB83B7D72AEFE9E6003DC8A2 /* Hoje.swift in Sources */,
			);
			runOnlyForDeploymentPostprocessing = 0;
		};
/* End PBXSourcesBuildPhase section */

/* Begin XCBuildConfiguration section */
		EB83B7CF2AEFDF37003DC8A2 /* Debug */ = {
			isa = XCBuildConfiguration;
			buildSettings = {
				ALWAYS_SEARCH_USER_PATHS = NO;
				ASSETCATALOG_COMPILER_GENERATE_SWIFT_ASSET_SYMBOL_EXTENSIONS = YES;
				CLANG_ANALYZER_NONNULL = YES;
				CLANG_ANALYZER_NUMBER_OBJECT_CONVERSION = YES_AGGRESSIVE;
				CLANG_CXX_LANGUAGE_STANDARD = "gnu++20";
				CLANG_ENABLE_MODULES = YES;
				CLANG_ENABLE_OBJC_ARC = YES;
				CLANG_ENABLE_OBJC_WEAK = YES;
				CLANG_WARN_BLOCK_CAPTURE_AUTORELEASING = YES;
				CLANG_WARN_BOOL_CONVERSION = YES;
				CLANG_WARN_COMMA = YES;
				CLANG_WARN_CONSTANT_CONVERSION = YES;
				CLANG_WARN_DEPRECATED_OBJC_IMPLEMENTATIONS = YES;
				CLANG_WARN_DIRECT_OBJC_ISA_USAGE = YES_ERROR;
				CLANG_WARN_DOCUMENTATION_COMMENTS = YES;
				CLANG_WARN_EMPTY_BODY = YES;
				CLANG_WARN_ENUM_CONVERSION = YES;
				CLANG_WARN_INFINITE_RECURSION = YES;
				CLANG_WARN_INT_CONVERSION = YES;
				CLANG_WARN_NON_LITERAL_NULL_CONVERSION = YES;
				CLANG_WARN_OBJC_IMPLICIT_RETAIN_SELF = YES;
				CLANG_WARN_OBJC_LITERAL_CONVERSION = YES;
				CLANG_WARN_OBJC_ROOT_CLASS = YES_ERROR;
				CLANG_WARN_QUOTED_INCLUDE_IN_FRAMEWORK_HEADER = YES;
				CLANG_WARN_RANGE_LOOP_ANALYSIS = YES;
				CLANG_WARN_STRICT_PROTOTYPES = YES;
				CLANG_WARN_SUSPICIOUS_MOVE = YES;
				CLANG_WARN_UNGUARDED_AVAILABILITY = YES_AGGRESSIVE;
				CLANG_WARN_UNREACHABLE_CODE = YES;
				CLANG_WARN__DUPLICATE_METHOD_MATCH = YES;
				COPY_PHASE_STRIP = NO;
				DEBUG_INFORMATION_FORMAT = dwarf;
				ENABLE_STRICT_OBJC_MSGSEND = YES;
				ENABLE_TESTABILITY = YES;
				ENABLE_USER_SCRIPT_SANDBOXING = YES;
				GCC_C_LANGUAGE_STANDARD = gnu17;
				GCC_DYNAMIC_NO_PIC = NO;
				GCC_NO_COMMON_BLOCKS = YES;
				GCC_OPTIMIZATION_LEVEL = 0;
				GCC_PREPROCESSOR_DEFINITIONS = (
					"DEBUG=1",
					"$(inherited)",
				);
				GCC_WARN_64_TO_32_BIT_CONVERSION = YES;
				GCC_WARN_ABOUT_RETURN_TYPE = YES_ERROR;
				GCC_WARN_UNDECLARED_SELECTOR = YES;
				GCC_WARN_UNINITIALIZED_AUTOS = YES_AGGRESSIVE;
				GCC_WARN_UNUSED_FUNCTION = YES;
				GCC_WARN_UNUSED_VARIABLE = YES;
				IPHONEOS_DEPLOYMENT_TARGET = 17.0;
				LOCALIZATION_PREFERS_STRING_CATALOGS = YES;
				MTL_ENABLE_DEBUG_INFO = INCLUDE_SOURCE;
				MTL_FAST_MATH = YES;
				ONLY_ACTIVE_ARCH = YES;
				SDKROOT = iphoneos;
				SWIFT_ACTIVE_COMPILATION_CONDITIONS = "DEBUG $(inherited)";
				SWIFT_OPTIMIZATION_LEVEL = "-Onone";
			};
			name = Debug;
		};
		EB83B7D02AEFDF37003DC8A2 /* Release */ = {
			isa = XCBuildConfiguration;
			buildSettings = {
				ALWAYS_SEARCH_USER_PATHS = NO;
				ASSETCATALOG_COMPILER_GENERATE_SWIFT_ASSET_SYMBOL_EXTENSIONS = YES;
				CLANG_ANALYZER_NONNULL = YES;
				CLANG_ANALYZER_NUMBER_OBJECT_CONVERSION = YES_AGGRESSIVE;
				CLANG_CXX_LANGUAGE_STANDARD = "gnu++20";
				CLANG_ENABLE_MODULES = YES;
				CLANG_ENABLE_OBJC_ARC = YES;
				CLANG_ENABLE_OBJC_WEAK = YES;
				CLANG_WARN_BLOCK_CAPTURE_AUTORELEASING = YES;
				CLANG_WARN_BOOL_CONVERSION = YES;
				CLANG_WARN_COMMA = YES;
				CLANG_WARN_CONSTANT_CONVERSION = YES;
				CLANG_WARN_DEPRECATED_OBJC_IMPLEMENTATIONS = YES;
				CLANG_WARN_DIRECT_OBJC_ISA_USAGE = YES_ERROR;
				CLANG_WARN_DOCUMENTATION_COMMENTS = YES;
				CLANG_WARN_EMPTY_BODY = YES;
				CLANG_WARN_ENUM_CONVERSION = YES;
				CLANG_WARN_INFINITE_RECURSION = YES;
				CLANG_WARN_INT_CONVERSION = YES;
				CLANG_WARN_NON_LITERAL_NULL_CONVERSION = YES;
				CLANG_WARN_OBJC_IMPLICIT_RETAIN_SELF = YES;
				CLANG_WARN_OBJC_LITERAL_CONVERSION = YES;
				CLANG_WARN_OBJC_ROOT_CLASS = YES_ERROR;
				CLANG_WARN_QUOTED_INCLUDE_IN_FRAMEWORK_HEADER = YES;
				CLANG_WARN_RANGE_LOOP_ANALYSIS = YES;
				CLANG_WARN_STRICT_PROTOTYPES = YES;
				CLANG_WARN_SUSPICIOUS_MOVE = YES;
				CLANG_WARN_UNGUARDED_AVAILABILITY = YES_AGGRESSIVE;
				CLANG_WARN_UNREACHABLE_CODE = YES;
				CLANG_WARN__DUPLICATE_METHOD_MATCH = YES;
				COPY_PHASE_STRIP = NO;
				DEBUG_INFORMATION_FORMAT = "dwarf-with-dsym";
				ENABLE_NS_ASSERTIONS = NO;
				ENABLE_STRICT_OBJC_MSGSEND = YES;
				ENABLE_USER_SCRIPT_SANDBOXING = YES;
				GCC_C_LANGUAGE_STANDARD = gnu17;
				GCC_NO_COMMON_BLOCKS = YES;
				GCC_WARN_64_TO_32_BIT_CONVERSION = YES;
				GCC_WARN_ABOUT_RETURN_TYPE = YES_ERROR;
				GCC_WARN_UNDECLARED_SELECTOR = YES;
				GCC_WARN_UNINITIALIZED_AUTOS = YES_AGGRESSIVE;
				GCC_WARN_UNUSED_FUNCTION = YES;
				GCC_WARN_UNUSED_VARIABLE = YES;
				IPHONEOS_DEPLOYMENT_TARGET = 17.0;
				LOCALIZATION_PREFERS_STRING_CATALOGS = YES;
				MTL_ENABLE_DEBUG_INFO = NO;
				MTL_FAST_MATH = YES;
				SDKROOT = iphoneos;
				SWIFT_COMPILATION_MODE = wholemodule;
				VALIDATE_PRODUCT = YES;
			};
			name = Release;
		};
		EB83B7D22AEFDF37003DC8A2 /* Debug */ = {
			isa = XCBuildConfiguration;
			buildSettings = {
				ASSETCATALOG_COMPILER_APPICON_NAME = AppIcon;
				ASSETCATALOG_COMPILER_GLOBAL_ACCENT_COLOR_NAME = AccentColor;
				CODE_SIGN_STYLE = Automatic;
				CURRENT_PROJECT_VERSION = 1;
				DEVELOPMENT_ASSET_PATHS = "\"Tarefa1/Preview Content\"";
				ENABLE_PREVIEWS = YES;
				GENERATE_INFOPLIST_FILE = YES;
				INFOPLIST_KEY_UIApplicationSceneManifest_Generation = YES;
				INFOPLIST_KEY_UIApplicationSupportsIndirectInputEvents = YES;
				INFOPLIST_KEY_UILaunchScreen_Generation = YES;
				INFOPLIST_KEY_UISupportedInterfaceOrientations_iPad = "UIInterfaceOrientationPortrait UIInterfaceOrientationPortraitUpsideDown UIInterfaceOrientationLandscapeLeft UIInterfaceOrientationLandscapeRight";
				INFOPLIST_KEY_UISupportedInterfaceOrientations_iPhone = "UIInterfaceOrientationPortrait UIInterfaceOrientationLandscapeLeft UIInterfaceOrientationLandscapeRight";
				LD_RUNPATH_SEARCH_PATHS = (
					"$(inherited)",
					"@executable_path/Frameworks",
				);
				MARKETING_VERSION = 1.0;
				PRODUCT_BUNDLE_IDENTIFIER = com.carlosmoraes.Tarefa1;
				PRODUCT_NAME = "$(TARGET_NAME)";
				SWIFT_EMIT_LOC_STRINGS = YES;
				SWIFT_VERSION = 5.0;
				TARGETED_DEVICE_FAMILY = "1,2";
			};
			name = Debug;
		};
		EB83B7D32AEFDF37003DC8A2 /* Release */ = {
			isa = XCBuildConfiguration;
			buildSettings = {
				ASSETCATALOG_COMPILER_APPICON_NAME = AppIcon;
				ASSETCATALOG_COMPILER_GLOBAL_ACCENT_COLOR_NAME = AccentColor;
				CODE_SIGN_STYLE = Automatic;
				CURRENT_PROJECT_VERSION = 1;
				DEVELOPMENT_ASSET_PATHS = "\"Tarefa1/Preview Content\"";
				ENABLE_PREVIEWS = YES;
				GENERATE_INFOPLIST_FILE = YES;
				INFOPLIST_KEY_UIApplicationSceneManifest_Generation = YES;
				INFOPLIST_KEY_UIApplicationSupportsIndirectInputEvents = YES;
				INFOPLIST_KEY_UILaunchScreen_Generation = YES;
				INFOPLIST_KEY_UISupportedInterfaceOrientations_iPad = "UIInterfaceOrientationPortrait UIInterfaceOrientationPortraitUpsideDown UIInterfaceOrientationLandscapeLeft UIInterfaceOrientationLandscapeRight";
				INFOPLIST_KEY_UISupportedInterfaceOrientations_iPhone = "UIInterfaceOrientationPortrait UIInterfaceOrientationLandscapeLeft UIInterfaceOrientationLandscapeRight";
				LD_RUNPATH_SEARCH_PATHS = (
					"$(inherited)",
					"@executable_path/Frameworks",
				);
				MARKETING_VERSION = 1.0;
				PRODUCT_BUNDLE_IDENTIFIER = com.carlosmoraes.Tarefa1;
				PRODUCT_NAME = "$(TARGET_NAME)";
				SWIFT_EMIT_LOC_STRINGS = YES;
				SWIFT_VERSION = 5.0;
				TARGETED_DEVICE_FAMILY = "1,2";
			};
			name = Release;
		};
/* End XCBuildConfiguration section */

/* Begin XCConfigurationList section */
		EB83B7BE2AEFDF35003DC8A2 /* Build configuration list for PBXProject "Tarefa1" */ = {
			isa = XCConfigurationList;
			buildConfigurations = (
				EB83B7CF2AEFDF37003DC8A2 /* Debug */,
				EB83B7D02AEFDF37003DC8A2 /* Release */,
			);
			defaultConfigurationIsVisible = 0;
			defaultConfigurationName = Release;
		};
		EB83B7D12AEFDF37003DC8A2 /* Build configuration list for PBXNativeTarget "Tarefa1" */ = {
			isa = XCConfigurationList;
			buildConfigurations = (
				EB83B7D22AEFDF37003DC8A2 /* Debug */,
				EB83B7D32AEFDF37003DC8A2 /* Release */,
			);
			defaultConfigurationIsVisible = 0;
			defaultConfigurationName = Release;
		};
/* End XCConfigurationList section */
	};
	rootObject = EB83B7BB2AEFDF35003DC8A2 /* Project object */;
}
